<?xml version="1.0" encoding="utf-8"?>
<Project ToolsVersion="4.0" xmlns="http://schemas.microsoft.com/developer/msbuild/2003">
  <ItemGroup>
    <Filter Include="Source Files">
      <UniqueIdentifier>{c536d82c-8a88-401e-90e4-cdc20d5fcdc5}</UniqueIdentifier>
      <Extensions>cpp;c;cxx;rc;def;r;odl;idl;hpj;bat</Extensions>
    </Filter>
    <Filter Include="Header Files">
      <UniqueIdentifier>{0829f1fc-9534-44ae-92c8-26b33c32e323}</UniqueIdentifier>
      <Extensions>h;hpp;hxx;hm;inl</Extensions>
    </Filter>
    <Filter Include="Resource Files">
      <UniqueIdentifier>{b639a4d6-83dd-4032-890d-db02f3e77d2d}</UniqueIdentifier>
      <Extensions>ico;cur;bmp;dlg;rc2;rct;bin;rgs;gif;jpg;jpeg;jpe</Extensions>
    </Filter>
  </ItemGroup>
  <ItemGroup>
    <ClCompile Include="SRC\AppMutex.cpp">
      <Filter>Source Files</Filter>
    </ClCompile>
    <ClCompile Include="SRC\AppThread.cpp">
      <Filter>Source Files</Filter>
    </ClCompile>
    <ClCompile Include="SRC\IOSocket.cpp">
      <Filter>Source Files</Filter>
    </ClCompile>
    <ClCompile Include="MessageControl.cpp">
      <Filter>Source Files</Filter>
    </ClCompile>
    <ClCompile Include="SRC\MessageQueue.cpp">
      <Filter>Source Files</Filter>
    </ClCompile>
    <ClCompile Include="RegStateMac.cpp">
      <Filter>Source Files</Filter>
    </ClCompile>
    <ClCompile Include="Server.cpp">
      <Filter>Source Files</Filter>
    </ClCompile>
    <ClCompile Include="ServerControl.cpp">
      <Filter>Source Files</Filter>
    </ClCompile>
    <ClCompile Include="ServerDlg.cpp">
      <Filter>Source Files</Filter>
    </ClCompile>
    <ClCompile Include="ServerSocket.cpp">
      <Filter>Source Files</Filter>
    </ClCompile>
    <ClCompile Include="SipMessage.cpp">
      <Filter>Source Files</Filter>
    </ClCompile>
    <ClCompile Include="SRC\SocketStream.cpp">
      <Filter>Source Files</Filter>
    </ClCompile>
    <ClCompile Include="StateBase.cpp">
      <Filter>Source Files</Filter>
    </ClCompile>
    <ClCompile Include="StateMacManager.cpp">
      <Filter>Source Files</Filter>
    </ClCompile>
    <ClCompile Include="StateManager.cpp">
      <Filter>Source Files</Filter>
    </ClCompile>
    <ClCompile Include="StdAfx.cpp">
      <Filter>Source Files</Filter>
    </ClCompile>
    <ClCompile Include="SRC\Time_Value.cpp">
      <Filter>Source Files</Filter>
    </ClCompile>
    <ClCompile Include="SRC\Timer.cpp">
      <Filter>Source Files</Filter>
    </ClCompile>
    <ClCompile Include="SRC\TimerQueue.cpp">
      <Filter>Source Files</Filter>
    </ClCompile>
    <ClCompile Include="SRC\TimerSession.cpp">
      <Filter>Source Files</Filter>
    </ClCompile>
  </ItemGroup>
  <ItemGroup>
    <ResourceCompile Include="Server.rc">
      <Filter>Source Files</Filter>
    </ResourceCompile>
  </ItemGroup>
  <ItemGroup>
    <ClInclude Include="SRC\AppMutex.h">
      <Filter>Header Files</Filter>
    </ClInclude>
    <ClInclude Include="SRC\AppThread.h">
      <Filter>Header Files</Filter>
    </ClInclude>
    <ClInclude Include="SRC\IOSocket.h">
      <Filter>Header Files</Filter>
    </ClInclude>
    <ClInclude Include="MessageControl.h">
      <Filter>Header Files</Filter>
    </ClInclude>
    <ClInclude Include="SRC\MessageQueue.h">
      <Filter>Header Files</Filter>
    </ClInclude>
    <ClInclude Include="RegStateMac.h">
      <Filter>Header Files</Filter>
    </ClInclude>
    <ClInclude Include="Resource.h">
      <Filter>Header Files</Filter>
    </ClInclude>
    <ClInclude Include="Server.h">
      <Filter>Header Files</Filter>
    </ClInclude>
    <ClInclude Include="ServerControl.h">
      <Filter>Header Files</Filter>
    </ClInclude>
    <ClInclude Include="ServerDlg.h">
      <Filter>Header Files</Filter>
    </ClInclude>
    <ClInclude Include="ServerSocket.h">
      <Filter>Header Files</Filter>
    </ClInclude>
    <ClInclude Include="SipMessage.h">
      <Filter>Header Files</Filter>
    </ClInclude>
    <ClInclude Include="SRC\SocketStream.h">
      <Filter>Header Files</Filter>
    </ClInclude>
    <ClInclude Include="StateBase.h">
      <Filter>Header Files</Filter>
    </ClInclude>
    <ClInclude Include="StateMacManager.h">
      <Filter>Header Files</Filter>
    </ClInclude>
    <ClInclude Include="StateManager.h">
      <Filter>Header Files</Filter>
    </ClInclude>
    <ClInclude Include="StdAfx.h">
      <Filter>Header Files</Filter>
    </ClInclude>
    <ClInclude Include="SRC\Time_Value.h">
      <Filter>Header Files</Filter>
    </ClInclude>
    <ClInclude Include="SRC\Timer.h">
      <Filter>Header Files</Filter>
    </ClInclude>
    <ClInclude Include="SRC\TimerQueue.h">
      <Filter>Header Files</Filter>
    </ClInclude>
    <ClInclude Include="SRC\TimerSession.h">
      <Filter>Header Files</Filter>
    </ClInclude>
  </ItemGroup>
  <ItemGroup>
    <Image Include="res\Server.ico">
      <Filter>Resource Files</Filter>
    </Image>
  </ItemGroup>
  <ItemGroup>
    <Text Include="ReadMe.txt" />
  </ItemGroup>
  <ItemGroup>
    <CustomBuild Include="res\Server.rc2">
      <Filter>Resource Files</Filter>
    </CustomBuild>
  </ItemGroup>
</Project>